
Microsoft Visual Studio Solution File, Format Version 12.00
# Visual Studio Version 16
VisualStudioVersion = 16.0.31729.503
MinimumVisualStudioVersion = 10.0.40219.1
Project("{FAE04EC0-301F-11D3-BF4B-00C04F79EFBC}") = "practree", "practree.csproj", "{D881E0B9-D23F-4146-AF6F-6AA9A960338A}"
EndProject
Global
	GlobalSection(SolutionConfigurationPlatforms) = preSolution
		Debug|Any CPU = Debug|Any CPU
		Release|Any CPU = Release|Any CPU
	EndGlobalSection
	GlobalSection(ProjectConfigurationPlatforms) = postSolution
		{D881E0B9-D23F-4146-AF6F-6AA9A960338A}.Debug|Any CPU.ActiveCfg = Debug|Any CPU
		{D881E0B9-D23F-4146-AF6F-6AA9A960338A}.Debug|Any CPU.Build.0 = Debug|Any CPU
		{D881E0B9-D23F-4146-AF6F-6AA9A960338A}.Release|Any CPU.ActiveCfg = Release|Any CPU
		{D881E0B9-D23F-4146-AF6F-6AA9A960338A}.Release|Any CPU.Build.0 = Release|Any CPU
	EndGlobalSection
	GlobalSection(SolutionProperties) = preSolution
		HideSolutionNode = FALSE
	EndGlobalSection
	GlobalSection(ExtensibilityGlobals) = postSolution
		SolutionGuid = {1CAEF7B0-0349-426A-9C06-1EB9CAC63518}
	EndGlobalSection
EndGlobal
